
Microsoft Visual Studio Solution File, Format Version 12.00
# Visual Studio Version 17
VisualStudioVersion = 17.12.35707.178 d17.12
MinimumVisualStudioVersion = 10.0.40219.1
Project("{FAE04EC0-301F-11D3-BF4B-00C04F79EFBC}") = "CustomerManagementApp", "CustomerManagementApp.csproj", "{EFDC2F11-D239-43A7-AE54-A5BCB7C860FE}"
EndProject
Project("{FAE04EC0-301F-11D3-BF4B-00C04F79EFBC}") = "SouravBankingAppTests", "..\SouravBankingAppTests\SouravBankingAppTests.csproj", "{2126FCEC-502A-4139-8882-74962F5CB716}"
EndProject
Global
	GlobalSection(SolutionConfigurationPlatforms) = preSolution
		Debug|Any CPU = Debug|Any CPU
		Release|Any CPU = Release|Any CPU
	EndGlobalSection
	GlobalSection(ProjectConfigurationPlatforms) = postSolution
		{EFDC2F11-D239-43A7-AE54-A5BCB7C860FE}.Debug|Any CPU.ActiveCfg = Debug|Any CPU
		{EFDC2F11-D239-43A7-AE54-A5BCB7C860FE}.Debug|Any CPU.Build.0 = Debug|Any CPU
		{EFDC2F11-D239-43A7-AE54-A5BCB7C860FE}.Release|Any CPU.ActiveCfg = Release|Any CPU
		{EFDC2F11-D239-43A7-AE54-A5BCB7C860FE}.Release|Any CPU.Build.0 = Release|Any CPU
		{2126FCEC-502A-4139-8882-74962F5CB716}.Debug|Any CPU.ActiveCfg = Debug|Any CPU
		{2126FCEC-502A-4139-8882-74962F5CB716}.Debug|Any CPU.Build.0 = Debug|Any CPU
		{2126FCEC-502A-4139-8882-74962F5CB716}.Release|Any CPU.ActiveCfg = Release|Any CPU
		{2126FCEC-502A-4139-8882-74962F5CB716}.Release|Any CPU.Build.0 = Release|Any CPU
	EndGlobalSection
	GlobalSection(SolutionProperties) = preSolution
		HideSolutionNode = FALSE
	EndGlobalSection
EndGlobal
